
Microsoft Visual Studio Solution File, Format Version 12.00
# Visual Studio Version 17
VisualStudioVersion = 17.5.33530.505
MinimumVisualStudioVersion = 10.0.40219.1
Project("{FAE04EC0-301F-11D3-BF4B-00C04F79EFBC}") = "Zadanie Backend nr 1", "Zadanie Backend nr 1\Zadanie Backend nr 1.csproj", "{DA6298DA-5192-44B8-B0AF-71F73A66D841}"
EndProject
Global
	GlobalSection(SolutionConfigurationPlatforms) = preSolution
		Debug|Any CPU = Debug|Any CPU
		Release|Any CPU = Release|Any CPU
	EndGlobalSection
	GlobalSection(ProjectConfigurationPlatforms) = postSolution
		{DA6298DA-5192-44B8-B0AF-71F73A66D841}.Debug|Any CPU.ActiveCfg = Debug|Any CPU
		{DA6298DA-5192-44B8-B0AF-71F73A66D841}.Debug|Any CPU.Build.0 = Debug|Any CPU
		{DA6298DA-5192-44B8-B0AF-71F73A66D841}.Release|Any CPU.ActiveCfg = Release|Any CPU
		{DA6298DA-5192-44B8-B0AF-71F73A66D841}.Release|Any CPU.Build.0 = Release|Any CPU
	EndGlobalSection
	GlobalSection(SolutionProperties) = preSolution
		HideSolutionNode = FALSE
	EndGlobalSection
	GlobalSection(ExtensibilityGlobals) = postSolution
		SolutionGuid = {1D321360-B760-467A-B43D-B412EB38A143}
	EndGlobalSection
EndGlobal
